
Microsoft Visual Studio Solution File, Format Version 12.00
# Visual Studio Version 17
VisualStudioVersion = 17.4.33205.214
MinimumVisualStudioVersion = 10.0.40219.1
Project("{FAE04EC0-301F-11D3-BF4B-00C04F79EFBC}") = "WindowsClinica", "WindowsClinica\WindowsClinica.csproj", "{32164F8D-F2EF-4B67-93AE-A1FE4E5F1349}"
EndProject
Global
	GlobalSection(SolutionConfigurationPlatforms) = preSolution
		Debug|Any CPU = Debug|Any CPU
		Release|Any CPU = Release|Any CPU
	EndGlobalSection
	GlobalSection(ProjectConfigurationPlatforms) = postSolution
		{32164F8D-F2EF-4B67-93AE-A1FE4E5F1349}.Debug|Any CPU.ActiveCfg = Debug|Any CPU
		{32164F8D-F2EF-4B67-93AE-A1FE4E5F1349}.Debug|Any CPU.Build.0 = Debug|Any CPU
		{32164F8D-F2EF-4B67-93AE-A1FE4E5F1349}.Release|Any CPU.ActiveCfg = Release|Any CPU
		{32164F8D-F2EF-4B67-93AE-A1FE4E5F1349}.Release|Any CPU.Build.0 = Release|Any CPU
	EndGlobalSection
	GlobalSection(SolutionProperties) = preSolution
		HideSolutionNode = FALSE
	EndGlobalSection
	GlobalSection(ExtensibilityGlobals) = postSolution
		SolutionGuid = {6F2CF9E6-9F55-4E80-B156-A1652492D6FB}
	EndGlobalSection
EndGlobal
